
Microsoft Visual Studio Solution File, Format Version 12.00
# Visual Studio Version 17
VisualStudioVersion = 17.5.33516.290
MinimumVisualStudioVersion = 10.0.40219.1
Project("{FAE04EC0-301F-11D3-BF4B-00C04F79EFBC}") = "DSA01_List", "DSA01_List\DSA01_List.csproj", "{AC8911E8-055E-4DCB-9724-8375E1A2005E}"
EndProject
Global
	GlobalSection(SolutionConfigurationPlatforms) = preSolution
		Debug|Any CPU = Debug|Any CPU
		Release|Any CPU = Release|Any CPU
	EndGlobalSection
	GlobalSection(ProjectConfigurationPlatforms) = postSolution
		{AC8911E8-055E-4DCB-9724-8375E1A2005E}.Debug|Any CPU.ActiveCfg = Debug|Any CPU
		{AC8911E8-055E-4DCB-9724-8375E1A2005E}.Debug|Any CPU.Build.0 = Debug|Any CPU
		{AC8911E8-055E-4DCB-9724-8375E1A2005E}.Release|Any CPU.ActiveCfg = Release|Any CPU
		{AC8911E8-055E-4DCB-9724-8375E1A2005E}.Release|Any CPU.Build.0 = Release|Any CPU
	EndGlobalSection
	GlobalSection(SolutionProperties) = preSolution
		HideSolutionNode = FALSE
	EndGlobalSection
	GlobalSection(ExtensibilityGlobals) = postSolution
		SolutionGuid = {F00E0624-3646-478C-BA84-E15EC765D2D3}
	EndGlobalSection
EndGlobal
