
Microsoft Visual Studio Solution File, Format Version 12.00
# Visual Studio Version 17
VisualStudioVersion = 17.5.33516.290
MinimumVisualStudioVersion = 10.0.40219.1
Project("{9A19103F-16F7-4668-BE54-9A1E7A4F7556}") = "DSA01_List", "StudyDSA\DSA01_List\DSA01_List.csproj", "{AC8911E8-055E-4DCB-9724-8375E1A2005E}"
EndProject
Project("{9A19103F-16F7-4668-BE54-9A1E7A4F7556}") = "DSA02_LinkedList", "StudyDSA\DSA02_LinkedList\DSA02_LinkedList.csproj", "{41338FA2-10DA-4283-812B-1C49050C37D9}"
EndProject
Project("{9A19103F-16F7-4668-BE54-9A1E7A4F7556}") = "DSA03_Iterator", "StudyDSA\DSA03_Iterator\DSA03_Iterator.csproj", "{14617005-7BBA-4EE1-A878-79F6CC186CE7}"
EndProject
Project("{9A19103F-16F7-4668-BE54-9A1E7A4F7556}") = "DSA04_Stack", "StudyDSA\DSA04_Stack\DSA04_Stack.csproj", "{E85CC2A0-C451-44B0-8E01-AB8BA88AE12E}"
EndProject
Project("{9A19103F-16F7-4668-BE54-9A1E7A4F7556}") = "DSA05_Queue", "StudyDSA\DSA05_Queue\DSA05_Queue.csproj", "{0A635EEB-759E-46C9-B1B8-5F6EEFA09209}"
EndProject
Project("{9A19103F-16F7-4668-BE54-9A1E7A4F7556}") = "DSA16_GreedyAlgorithm", "StudyDSA\DSA16_GreedyAlgorithm\DSA16_GreedyAlgorithm.csproj", "{CFAC0352-D5ED-45E3-90EF-2E2AB9279861}"
EndProject
Global
	GlobalSection(SolutionConfigurationPlatforms) = preSolution
		Debug|Any CPU = Debug|Any CPU
		Release|Any CPU = Release|Any CPU
	EndGlobalSection
	GlobalSection(ProjectConfigurationPlatforms) = postSolution
		{AC8911E8-055E-4DCB-9724-8375E1A2005E}.Debug|Any CPU.ActiveCfg = Debug|Any CPU
		{AC8911E8-055E-4DCB-9724-8375E1A2005E}.Debug|Any CPU.Build.0 = Debug|Any CPU
		{AC8911E8-055E-4DCB-9724-8375E1A2005E}.Release|Any CPU.ActiveCfg = Release|Any CPU
		{AC8911E8-055E-4DCB-9724-8375E1A2005E}.Release|Any CPU.Build.0 = Release|Any CPU
		{41338FA2-10DA-4283-812B-1C49050C37D9}.Debug|Any CPU.ActiveCfg = Debug|Any CPU
		{41338FA2-10DA-4283-812B-1C49050C37D9}.Debug|Any CPU.Build.0 = Debug|Any CPU
		{41338FA2-10DA-4283-812B-1C49050C37D9}.Release|Any CPU.ActiveCfg = Release|Any CPU
		{41338FA2-10DA-4283-812B-1C49050C37D9}.Release|Any CPU.Build.0 = Release|Any CPU
		{14617005-7BBA-4EE1-A878-79F6CC186CE7}.Debug|Any CPU.ActiveCfg = Debug|Any CPU
		{14617005-7BBA-4EE1-A878-79F6CC186CE7}.Debug|Any CPU.Build.0 = Debug|Any CPU
		{14617005-7BBA-4EE1-A878-79F6CC186CE7}.Release|Any CPU.ActiveCfg = Release|Any CPU
		{14617005-7BBA-4EE1-A878-79F6CC186CE7}.Release|Any CPU.Build.0 = Release|Any CPU
		{E85CC2A0-C451-44B0-8E01-AB8BA88AE12E}.Debug|Any CPU.ActiveCfg = Debug|Any CPU
		{E85CC2A0-C451-44B0-8E01-AB8BA88AE12E}.Debug|Any CPU.Build.0 = Debug|Any CPU
		{E85CC2A0-C451-44B0-8E01-AB8BA88AE12E}.Release|Any CPU.ActiveCfg = Release|Any CPU
		{E85CC2A0-C451-44B0-8E01-AB8BA88AE12E}.Release|Any CPU.Build.0 = Release|Any CPU
		{0A635EEB-759E-46C9-B1B8-5F6EEFA09209}.Debug|Any CPU.ActiveCfg = Debug|Any CPU
		{0A635EEB-759E-46C9-B1B8-5F6EEFA09209}.Debug|Any CPU.Build.0 = Debug|Any CPU
		{0A635EEB-759E-46C9-B1B8-5F6EEFA09209}.Release|Any CPU.ActiveCfg = Release|Any CPU
		{0A635EEB-759E-46C9-B1B8-5F6EEFA09209}.Release|Any CPU.Build.0 = Release|Any CPU
		{CFAC0352-D5ED-45E3-90EF-2E2AB9279861}.Debug|Any CPU.ActiveCfg = Debug|Any CPU
		{CFAC0352-D5ED-45E3-90EF-2E2AB9279861}.Debug|Any CPU.Build.0 = Debug|Any CPU
		{CFAC0352-D5ED-45E3-90EF-2E2AB9279861}.Release|Any CPU.ActiveCfg = Release|Any CPU
		{CFAC0352-D5ED-45E3-90EF-2E2AB9279861}.Release|Any CPU.Build.0 = Release|Any CPU
	EndGlobalSection
	GlobalSection(SolutionProperties) = preSolution
		HideSolutionNode = FALSE
	EndGlobalSection
	GlobalSection(ExtensibilityGlobals) = postSolution
		SolutionGuid = {F00E0624-3646-478C-BA84-E15EC765D2D3}
	EndGlobalSection
EndGlobal
